
Microsoft Visual Studio Solution File, Format Version 12.00
# Visual Studio Version 17
VisualStudioVersion = 17.0.32126.317
MinimumVisualStudioVersion = 10.0.40219.1
Project("{FAE04EC0-301F-11D3-BF4B-00C04F79EFBC}") = "Dia24", "Dia24\Dia24.csproj", "{AD32A26F-0EE2-4B1A-9505-B0F3C6945670}"
EndProject
Global
	GlobalSection(SolutionConfigurationPlatforms) = preSolution
		Debug|Any CPU = Debug|Any CPU
		Release|Any CPU = Release|Any CPU
	EndGlobalSection
	GlobalSection(ProjectConfigurationPlatforms) = postSolution
		{AD32A26F-0EE2-4B1A-9505-B0F3C6945670}.Debug|Any CPU.ActiveCfg = Debug|Any CPU
		{AD32A26F-0EE2-4B1A-9505-B0F3C6945670}.Debug|Any CPU.Build.0 = Debug|Any CPU
		{AD32A26F-0EE2-4B1A-9505-B0F3C6945670}.Release|Any CPU.ActiveCfg = Release|Any CPU
		{AD32A26F-0EE2-4B1A-9505-B0F3C6945670}.Release|Any CPU.Build.0 = Release|Any CPU
	EndGlobalSection
	GlobalSection(SolutionProperties) = preSolution
		HideSolutionNode = FALSE
	EndGlobalSection
	GlobalSection(ExtensibilityGlobals) = postSolution
		SolutionGuid = {499A7C0B-3D49-4464-BA5C-49E685CC945C}
	EndGlobalSection
EndGlobal
